// !$*UTF8*$!
{
	archiveVersion = 1;
	classes = {
	};
	objectVersion = 46;
	objects = {

/* Begin PBXBuildFile section */
		371B1DDA1ED2D19400236F5E /* AppDelegate.swift in Sources */ = {isa = PBXBuildFile; fileRef = 371B1DD91ED2D19400236F5E /* AppDelegate.swift */; };
		371B1DDC1ED2D19400236F5E /* ViewController.swift in Sources */ = {isa = PBXBuildFile; fileRef = 371B1DDB1ED2D19400236F5E /* ViewController.swift */; };
		371B1DDF1ED2D19400236F5E /* Main.storyboard in Resources */ = {isa = PBXBuildFile; fileRef = 371B1DDD1ED2D19400236F5E /* Main.storyboard */; };
		371B1DE11ED2D19400236F5E /* Assets.xcassets in Resources */ = {isa = PBXBuildFile; fileRef = 371B1DE01ED2D19400236F5E /* Assets.xcassets */; };
		371B1DE41ED2D19400236F5E /* LaunchScreen.storyboard in Resources */ = {isa = PBXBuildFile; fileRef = 371B1DE21ED2D19400236F5E /* LaunchScreen.storyboard */; };
/* End PBXBuildFile section */

/* Begin PBXFileReference section */
		371B1DD61ED2D19400236F5E /* App_news.app */ = {isa = PBXFileReference; explicitFileType = wrapper.application; includeInIndex = 0; path = App_news.app; sourceTree = BUILT_PRODUCTS_DIR; };
		371B1DD91ED2D19400236F5E /* AppDelegate.swift */ = {isa = PBXFileReference; lastKnownFileType = sourcecode.swift; path = AppDelegate.swift; sourceTree = "<group>"; };
		371B1DDB1ED2D19400236F5E /* ViewController.swift */ = {isa = PBXFileReference; lastKnownFileType = sourcecode.swift; path = ViewController.swift; sourceTree = "<group>"; };
		371B1DDE1ED2D19400236F5E /* Base */ = {isa = PBXFileReference; lastKnownFileType = file.storyboard; name = Base; path = Base.lproj/Main.storyboard; sourceTree = "<group>"; };
		371B1DE01ED2D19400236F5E /* Assets.xcassets */ = {isa = PBXFileReference; lastKnownFileType = folder.assetcatalog; path = Assets.xcassets; sourceTree = "<group>"; };
		371B1DE31ED2D19400236F5E /* Base */ = {isa = PBXFileReference; lastKnownFileType = file.storyboard; name = Base; path = Base.lproj/LaunchScreen.storyboard; sourceTree = "<group>"; };
		371B1DE51ED2D19500236F5E /* Info.plist */ = {isa = PBXFileReference; lastKnownFileType = text.plist.xml; path = Info.plist; sourceTree = "<group>"; };
/* End PBXFileReference section */

/* Begin PBXFrameworksBuildPhase section */
		371B1DD31ED2D19400236F5E /* Frameworks */ = {
			isa = PBXFrameworksBuildPhase;
			buildActionMask = 2147483647;
			files = (
			);
			runOnlyForDeploymentPostprocessing = 0;
		};
/* End PBXFrameworksBuildPhase section */

/* Begin PBXGroup section */
		371B1DCD1ED2D19400236F5E = {
			isa = PBXGroup;
			children = (
				371B1DD81ED2D19400236F5E /* App_news */,
				371B1DD71ED2D19400236F5E /* Products */,
			);
			sourceTree = "<group>";
		};
		371B1DD71ED2D19400236F5E /* Products */ = {
			isa = PBXGroup;
			children = (
				371B1DD61ED2D19400236F5E /* App_news.app */,
			);
			name = Products;
			sourceTree = "<group>";
		};
		371B1DD81ED2D19400236F5E /* App_news */ = {
			isa = PBXGroup;
			children = (
				371B1DD91ED2D19400236F5E /* AppDelegate.swift */,
				371B1DDB1ED2D19400236F5E /* ViewController.swift */,
				371B1DDD1ED2D19400236F5E /* Main.storyboard */,
				371B1DE01ED2D19400236F5E /* Assets.xcassets */,
				371B1DE21ED2D19400236F5E /* LaunchScreen.storyboard */,
				371B1DE51ED2D19500236F5E /* Info.plist */,
			);
			path = App_news;
			sourceTree = "<group>";
		};
/* End PBXGroup section */

/* Begin PBXNativeTarget section */
		371B1DD51ED2D19400236F5E /* App_news */ = {
			isa = PBXNativeTarget;
			buildConfigurationList = 371B1DE81ED2D19500236F5E /* Build configuration list for PBXNativeTarget "App_news" */;
			buildPhases = (
				371B1DD21ED2D19400236F5E /* Sources */,
				371B1DD31ED2D19400236F5E /* Frameworks */,
				371B1DD41ED2D19400236F5E /* Resources */,
			);
			buildRules = (
			);
			dependencies = (
			);
			name = App_news;
			productName = App_news;
			productReference = 371B1DD61ED2D19400236F5E /* App_news.app */;
			productType = "com.apple.product-type.application";
		};
/* End PBXNativeTarget section */

/* Begin PBXProject section */
		371B1DCE1ED2D19400236F5E /* Project object */ = {
			isa = PBXProject;
			attributes = {
				LastSwiftUpdateCheck = 0830;
				LastUpgradeCheck = 0830;
				ORGANIZATIONNAME = "Dan Azoulay";
				TargetAttributes = {
					371B1DD51ED2D19400236F5E = {
						CreatedOnToolsVersion = 8.3.2;
						ProvisioningStyle = Automatic;
					};
				};
			};
			buildConfigurationList = 371B1DD11ED2D19400236F5E /* Build configuration list for PBXProject "App_news" */;
			compatibilityVersion = "Xcode 3.2";
			developmentRegion = English;
			hasScannedForEncodings = 0;
			knownRegions = (
				en,
				Base,
			);
			mainGroup = 371B1DCD1ED2D19400236F5E;
			productRefGroup = 371B1DD71ED2D19400236F5E /* Products */;
			projectDirPath = "";
			projectRoot = "";
			targets = (
				371B1DD51ED2D19400236F5E /* App_news */,
			);
		};
/* End PBXProject section */

/* Begin PBXResourcesBuildPhase section */
		371B1DD41ED2D19400236F5E /* Resources */ = {
			isa = PBXResourcesBuildPhase;
			buildActionMask = 2147483647;
			files = (
				371B1DE41ED2D19400236F5E /* LaunchScreen.storyboard in Resources */,
				371B1DE11ED2D19400236F5E /* Assets.xcassets in Resources */,
				371B1DDF1ED2D19400236F5E /* Main.storyboard in Resources */,
			);
			runOnlyForDeploymentPostprocessing = 0;
		};
/* End PBXResourcesBuildPhase section */

/* Begin PBXSourcesBuildPhase section */
		371B1DD21ED2D19400236F5E /* Sources */ = {
			isa = PBXSourcesBuildPhase;
			buildActionMask = 2147483647;
			files = (
				371B1DDC1ED2D19400236F5E /* ViewController.swift in Sources */,
				371B1DDA1ED2D19400236F5E /* AppDelegate.swift in Sources */,
			);
			runOnlyForDeploymentPostprocessing = 0;
		};
/* End PBXSourcesBuildPhase section */

/* Begin PBXVariantGroup section */
		371B1DDD1ED2D19400236F5E /* Main.storyboard */ = {
			isa = PBXVariantGroup;
			children = (
				371B1DDE1ED2D19400236F5E /* Base */,
			);
			name = Main.storyboard;
			sourceTree = "<group>";
		};
		371B1DE21ED2D19400236F5E /* LaunchScreen.storyboard */ = {
			isa = PBXVariantGroup;
			children = (
				371B1DE31ED2D19400236F5E /* Base */,
			);
			name = LaunchScreen.storyboard;
			sourceTree = "<group>";
		};
/* End PBXVariantGroup section */

/* Begin XCBuildConfiguration section */
		371B1DE61ED2D19500236F5E /* Debug */ = {
			isa = XCBuildConfiguration;
			buildSettings = {
				ALWAYS_SEARCH_USER_PATHS = NO;
				CLANG_ANALYZER_NONNULL = YES;
				CLANG_ANALYZER_NUMBER_OBJECT_CONVERSION = YES_AGGRESSIVE;
				CLANG_CXX_LANGUAGE_STANDARD = "gnu++0x";
				CLANG_CXX_LIBRARY = "libc++";
				CLANG_ENABLE_MODULES = YES;
				CLANG_ENABLE_OBJC_ARC = YES;
				CLANG_WARN_BOOL_CONVERSION = YES;
				CLANG_WARN_CONSTANT_CONVERSION = YES;
				CLANG_WARN_DIRECT_OBJC_ISA_USAGE = YES_ERROR;
				CLANG_WARN_DOCUMENTATION_COMMENTS = YES;
				CLANG_WARN_EMPTY_BODY = YES;
				CLANG_WARN_ENUM_CONVERSION = YES;
				CLANG_WARN_INFINITE_RECURSION = YES;
				CLANG_WARN_INT_CONVERSION = YES;
				CLANG_WARN_OBJC_ROOT_CLASS = YES_ERROR;
				CLANG_WARN_SUSPICIOUS_MOVE = YES;
				CLANG_WARN_UNREACHABLE_CODE = YES;
				CLANG_WARN__DUPLICATE_METHOD_MATCH = YES;
				"CODE_SIGN_IDENTITY[sdk=iphoneos*]" = "iPhone Developer";
				COPY_PHASE_STRIP = NO;
				DEBUG_INFORMATION_FORMAT = dwarf;
				ENABLE_STRICT_OBJC_MSGSEND = YES;
				ENABLE_TESTABILITY = YES;
				GCC_C_LANGUAGE_STANDARD = gnu99;
				GCC_DYNAMIC_NO_PIC = NO;
				GCC_NO_COMMON_BLOCKS = YES;
				GCC_OPTIMIZATION_LEVEL = 0;
				GCC_PREPROCESSOR_DEFINITIONS = (
					"DEBUG=1",
					"$(inherited)",
				);
				GCC_WARN_64_TO_32_BIT_CONVERSION = YES;
				GCC_WARN_ABOUT_RETURN_TYPE = YES_ERROR;
				GCC_WARN_UNDECLARED_SELECTOR = YES;
				GCC_WARN_UNINITIALIZED_AUTOS = YES_AGGRESSIVE;
				GCC_WARN_UNUSED_FUNCTION = YES;
				GCC_WARN_UNUSED_VARIABLE = YES;
				IPHONEOS_DEPLOYMENT_TARGET = 10.3;
				MTL_ENABLE_DEBUG_INFO = YES;
				ONLY_ACTIVE_ARCH = YES;
				SDKROOT = iphoneos;
				SWIFT_ACTIVE_COMPILATION_CONDITIONS = DEBUG;
				SWIFT_OPTIMIZATION_LEVEL = "-Onone";
				TARGETED_DEVICE_FAMILY = "1,2";
			};
			name = Debug;
		};
		371B1DE71ED2D19500236F5E /* Release */ = {
			isa = XCBuildConfiguration;
			buildSettings = {
				ALWAYS_SEARCH_USER_PATHS = NO;
				CLANG_ANALYZER_NONNULL = YES;
				CLANG_ANALYZER_NUMBER_OBJECT_CONVERSION = YES_AGGRESSIVE;
				CLANG_CXX_LANGUAGE_STANDARD = "gnu++0x";
				CLANG_CXX_LIBRARY = "libc++";
				CLANG_ENABLE_MODULES = YES;
				CLANG_ENABLE_OBJC_ARC = YES;
				CLANG_WARN_BOOL_CONVERSION = YES;
				CLANG_WARN_CONSTANT_CONVERSION = YES;
				CLANG_WARN_DIRECT_OBJC_ISA_USAGE = YES_ERROR;
				CLANG_WARN_DOCUMENTATION_COMMENTS = YES;
				CLANG_WARN_EMPTY_BODY = YES;
				CLANG_WARN_ENUM_CONVERSION = YES;
				CLANG_WARN_INFINITE_RECURSION = YES;
				CLANG_WARN_INT_CONVERSION = YES;
				CLANG_WARN_OBJC_ROOT_CLASS = YES_ERROR;
				CLANG_WARN_SUSPICIOUS_MOVE = YES;
				CLANG_WARN_UNREACHABLE_CODE = YES;
				CLANG_WARN__DUPLICATE_METHOD_MATCH = YES;
				"CODE_SIGN_IDENTITY[sdk=iphoneos*]" = "iPhone Developer";
				COPY_PHASE_STRIP = NO;
				DEBUG_INFORMATION_FORMAT = "dwarf-with-dsym";
				ENABLE_NS_ASSERTIONS = NO;
				ENABLE_STRICT_OBJC_MSGSEND = YES;
				GCC_C_LANGUAGE_STANDARD = gnu99;
				GCC_NO_COMMON_BLOCKS = YES;
				GCC_WARN_64_TO_32_BIT_CONVERSION = YES;
				GCC_WARN_ABOUT_RETURN_TYPE = YES_ERROR;
				GCC_WARN_UNDECLARED_SELECTOR = YES;
				GCC_WARN_UNINITIALIZED_AUTOS = YES_AGGRESSIVE;
				GCC_WARN_UNUSED_FUNCTION = YES;
				GCC_WARN_UNUSED_VARIABLE = YES;
				IPHONEOS_DEPLOYMENT_TARGET = 10.3;
				MTL_ENABLE_DEBUG_INFO = NO;
				SDKROOT = iphoneos;
				SWIFT_OPTIMIZATION_LEVEL = "-Owholemodule";
				TARGETED_DEVICE_FAMILY = "1,2";
				VALIDATE_PRODUCT = YES;
			};
			name = Release;
		};
		371B1DE91ED2D19500236F5E /* Debug */ = {
			isa = XCBuildConfiguration;
			buildSettings = {
				ASSETCATALOG_COMPILER_APPICON_NAME = AppIcon;
				INFOPLIST_FILE = App_news/Info.plist;
				LD_RUNPATH_SEARCH_PATHS = "$(inherited) @executable_path/Frameworks";
				PRODUCT_BUNDLE_IDENTIFIER = "App.App-news";
				PRODUCT_NAME = "$(TARGET_NAME)";
				SWIFT_VERSION = 3.0;
			};
			name = Debug;
		};
		371B1DEA1ED2D19500236F5E /* Release */ = {
			isa = XCBuildConfiguration;
			buildSettings = {
				ASSETCATALOG_COMPILER_APPICON_NAME = AppIcon;
				INFOPLIST_FILE = App_news/Info.plist;
				LD_RUNPATH_SEARCH_PATHS = "$(inherited) @executable_path/Frameworks";
				PRODUCT_BUNDLE_IDENTIFIER = "App.App-news";
				PRODUCT_NAME = "$(TARGET_NAME)";
				SWIFT_VERSION = 3.0;
			};
			name = Release;
		};
/* End XCBuildConfiguration section */

/* Begin XCConfigurationList section */
		371B1DD11ED2D19400236F5E /* Build configuration list for PBXProject "App_news" */ = {
			isa = XCConfigurationList;
			buildConfigurations = (
				371B1DE61ED2D19500236F5E /* Debug */,
				371B1DE71ED2D19500236F5E /* Release */,
			);
			defaultConfigurationIsVisible = 0;
			defaultConfigurationName = Release;
		};
		371B1DE81ED2D19500236F5E /* Build configuration list for PBXNativeTarget "App_news" */ = {
			isa = XCConfigurationList;
			buildConfigurations = (
				371B1DE91ED2D19500236F5E /* Debug */,
				371B1DEA1ED2D19500236F5E /* Release */,
			);
			defaultConfigurationIsVisible = 0;
		};
/* End XCConfigurationList section */
	};
	rootObject = 371B1DCE1ED2D19400236F5E /* Project object */;
}
